
Microsoft Visual Studio Solution File, Format Version 12.00
# Visual Studio Version 17
VisualStudioVersion = 17.8.34511.84
MinimumVisualStudioVersion = 10.0.40219.1
Project("{FAE04EC0-301F-11D3-BF4B-00C04F79EFBC}") = "RaylibFun", "RaylibFun\RaylibFun.csproj", "{E90B45DD-567B-4D71-AD42-FFC240A04919}"
EndProject
Global
	GlobalSection(SolutionConfigurationPlatforms) = preSolution
		Debug|Any CPU = Debug|Any CPU
		Release|Any CPU = Release|Any CPU
	EndGlobalSection
	GlobalSection(ProjectConfigurationPlatforms) = postSolution
		{E90B45DD-567B-4D71-AD42-FFC240A04919}.Debug|Any CPU.ActiveCfg = Debug|Any CPU
		{E90B45DD-567B-4D71-AD42-FFC240A04919}.Debug|Any CPU.Build.0 = Debug|Any CPU
		{E90B45DD-567B-4D71-AD42-FFC240A04919}.Release|Any CPU.ActiveCfg = Release|Any CPU
		{E90B45DD-567B-4D71-AD42-FFC240A04919}.Release|Any CPU.Build.0 = Release|Any CPU
	EndGlobalSection
	GlobalSection(SolutionProperties) = preSolution
		HideSolutionNode = FALSE
	EndGlobalSection
	GlobalSection(ExtensibilityGlobals) = postSolution
		SolutionGuid = {2874CAF0-9203-43EF-8C05-FA60B19F0F26}
	EndGlobalSection
EndGlobal
